PODS:
  - audioplayers (0.0.1):
    - Flutter
  - Flutter (1.0.0)
  - flutter_midi_command (0.3.6):
    - Flutter
  - path_provider (0.0.1):
    - Flutter

DEPENDENCIES:
  - audioplayers (from `.symlinks/plugins/audioplayers/ios`)
  - Flutter (from `Flutter`)
  - flutter_midi_command (from `.symlinks/plugins/flutter_midi_command/ios`)
  - path_provider (from `.symlinks/plugins/path_provider/ios`)

EXTERNAL SOURCES:
  audioplayers:
    :path: ".symlinks/plugins/audioplayers/ios"
  Flutter:
    :path: Flutter
  flutter_midi_command:
    :path: ".symlinks/plugins/flutter_midi_command/ios"
  path_provider:
    :path: ".symlinks/plugins/path_provider/ios"

SPEC CHECKSUMS:
  audioplayers: 84f968cea3f2deab00ec4f8ff53358b3c0b3992c
  Flutter: 434fef37c0980e73bb6479ef766c45957d4b510c
  flutter_midi_command: 4acc18c6391c574d21f1d3a1cc40c7fe06ff461f
  path_provider: f96fff6166a8867510d2c25fdcc346327cc4b259

PODFILE CHECKSUM: 0cf5276381fde92a1fe42f83e0dc18319dfe28c3

COCOAPODS: 1.10.1
